
Microsoft Visual Studio Solution File, Format Version 12.00
# Visual Studio Version 17
VisualStudioVersion = 17.6.33815.320
MinimumVisualStudioVersion = 10.0.40219.1
Project("{FAE04EC0-301F-11D3-BF4B-00C04F79EFBC}") = "PatientSearch", "PatientSearch\PatientSearch.csproj", "{9E9DC653-7A46-49E1-8D8D-6F965374CAE1}"
EndProject
Project("{FAE04EC0-301F-11D3-BF4B-00C04F79EFBC}") = "Common", "Common\Common.csproj", "{6EA1D04A-2A09-418E-A895-AC602C2094FF}"
EndProject
Project("{FAE04EC0-301F-11D3-BF4B-00C04F79EFBC}") = "AllergyIntoleranceSearch", "AllergyIntoleranceSearch\AllergyIntoleranceSearch.csproj", "{DBE2DC9A-BF35-45EB-B5DF-E0C253EDAB3B}"
EndProject
Project("{FAE04EC0-301F-11D3-BF4B-00C04F79EFBC}") = "CarePlanSearch", "CarePlanSearch\CarePlanSearch.csproj", "{48F61D77-C109-4DC3-83E3-B8D13A50BB12}"
EndProject
Project("{FAE04EC0-301F-11D3-BF4B-00C04F79EFBC}") = "CompositionSearch", "CompositionSearch\CompositionSearch.csproj", "{CE448BA7-502F-4BA8-9D0A-F33004CCCAA9}"
EndProject
Global
	GlobalSection(SolutionConfigurationPlatforms) = preSolution
		Debug|Any CPU = Debug|Any CPU
		Release|Any CPU = Release|Any CPU
	EndGlobalSection
	GlobalSection(ProjectConfigurationPlatforms) = postSolution
		{9E9DC653-7A46-49E1-8D8D-6F965374CAE1}.Debug|Any CPU.ActiveCfg = Debug|Any CPU
		{9E9DC653-7A46-49E1-8D8D-6F965374CAE1}.Debug|Any CPU.Build.0 = Debug|Any CPU
		{9E9DC653-7A46-49E1-8D8D-6F965374CAE1}.Release|Any CPU.ActiveCfg = Release|Any CPU
		{9E9DC653-7A46-49E1-8D8D-6F965374CAE1}.Release|Any CPU.Build.0 = Release|Any CPU
		{6EA1D04A-2A09-418E-A895-AC602C2094FF}.Debug|Any CPU.ActiveCfg = Debug|Any CPU
		{6EA1D04A-2A09-418E-A895-AC602C2094FF}.Debug|Any CPU.Build.0 = Debug|Any CPU
		{6EA1D04A-2A09-418E-A895-AC602C2094FF}.Release|Any CPU.ActiveCfg = Release|Any CPU
		{6EA1D04A-2A09-418E-A895-AC602C2094FF}.Release|Any CPU.Build.0 = Release|Any CPU
		{DBE2DC9A-BF35-45EB-B5DF-E0C253EDAB3B}.Debug|Any CPU.ActiveCfg = Debug|Any CPU
		{DBE2DC9A-BF35-45EB-B5DF-E0C253EDAB3B}.Debug|Any CPU.Build.0 = Debug|Any CPU
		{DBE2DC9A-BF35-45EB-B5DF-E0C253EDAB3B}.Release|Any CPU.ActiveCfg = Release|Any CPU
		{DBE2DC9A-BF35-45EB-B5DF-E0C253EDAB3B}.Release|Any CPU.Build.0 = Release|Any CPU
		{48F61D77-C109-4DC3-83E3-B8D13A50BB12}.Debug|Any CPU.ActiveCfg = Debug|Any CPU
		{48F61D77-C109-4DC3-83E3-B8D13A50BB12}.Debug|Any CPU.Build.0 = Debug|Any CPU
		{48F61D77-C109-4DC3-83E3-B8D13A50BB12}.Release|Any CPU.ActiveCfg = Release|Any CPU
		{48F61D77-C109-4DC3-83E3-B8D13A50BB12}.Release|Any CPU.Build.0 = Release|Any CPU
		{CE448BA7-502F-4BA8-9D0A-F33004CCCAA9}.Debug|Any CPU.ActiveCfg = Debug|Any CPU
		{CE448BA7-502F-4BA8-9D0A-F33004CCCAA9}.Debug|Any CPU.Build.0 = Debug|Any CPU
		{CE448BA7-502F-4BA8-9D0A-F33004CCCAA9}.Release|Any CPU.ActiveCfg = Release|Any CPU
		{CE448BA7-502F-4BA8-9D0A-F33004CCCAA9}.Release|Any CPU.Build.0 = Release|Any CPU
	EndGlobalSection
	GlobalSection(SolutionProperties) = preSolution
		HideSolutionNode = FALSE
	EndGlobalSection
	GlobalSection(ExtensibilityGlobals) = postSolution
		SolutionGuid = {8C2B9843-25E3-4BDB-9EBE-B89F3D7B9CEB}
	EndGlobalSection
EndGlobal
